// !$*UTF8*$!
{
	archiveVersion = 1;
	classes = {
	};
	objectVersion = 50;
	objects = {

/* Begin PBXBuildFile section */
		FBBC07EB2400D279001A7946 /* AppDelegate.swift in Sources */ = {isa = PBXBuildFile; fileRef = FBBC07EA2400D279001A7946 /* AppDelegate.swift */; };
		FBBC07ED2400D279001A7946 /* SceneDelegate.swift in Sources */ = {isa = PBXBuildFile; fileRef = FBBC07EC2400D279001A7946 /* SceneDelegate.swift */; };
		FBBC07EF2400D279001A7946 /* CategoryViewController.swift in Sources */ = {isa = PBXBuildFile; fileRef = FBBC07EE2400D279001A7946 /* CategoryViewController.swift */; };
		FBBC07F12400D279001A7946 /* LikedViewController.swift in Sources */ = {isa = PBXBuildFile; fileRef = FBBC07F02400D279001A7946 /* LikedViewController.swift */; };
		FBBC07F42400D279001A7946 /* Main.storyboard in Resources */ = {isa = PBXBuildFile; fileRef = FBBC07F22400D279001A7946 /* Main.storyboard */; };
		FBBC07F62400D27B001A7946 /* Assets.xcassets in Resources */ = {isa = PBXBuildFile; fileRef = FBBC07F52400D27B001A7946 /* Assets.xcassets */; };
		FBBC07F92400D27B001A7946 /* LaunchScreen.storyboard in Resources */ = {isa = PBXBuildFile; fileRef = FBBC07F72400D27B001A7946 /* LaunchScreen.storyboard */; };
		FBBC08012400D428001A7946 /* ChatViewController.swift in Sources */ = {isa = PBXBuildFile; fileRef = FBBC08002400D427001A7946 /* ChatViewController.swift */; };
		FBBC08032400D42D001A7946 /* ProfileViewController.swift in Sources */ = {isa = PBXBuildFile; fileRef = FBBC08022400D42D001A7946 /* ProfileViewController.swift */; };
		FBBC08052401D10B001A7946 /* LoginViewController.swift in Sources */ = {isa = PBXBuildFile; fileRef = FBBC08042401D10B001A7946 /* LoginViewController.swift */; };
		FBBC08082401D129001A7946 /* LoginScreen.storyboard in Resources */ = {isa = PBXBuildFile; fileRef = FBBC08072401D129001A7946 /* LoginScreen.storyboard */; };
		FBBC080B2401D2FA001A7946 /* MapViewController.swift in Sources */ = {isa = PBXBuildFile; fileRef = FBBC080A2401D2F9001A7946 /* MapViewController.swift */; };
		FBBC080D2401D304001A7946 /* MapScreen.storyboard in Resources */ = {isa = PBXBuildFile; fileRef = FBBC080C2401D304001A7946 /* MapScreen.storyboard */; };
		FBBC084D2401EC84001A7946 /* QRScannerViewController.swift in Sources */ = {isa = PBXBuildFile; fileRef = FBBC084C2401EC84001A7946 /* QRScannerViewController.swift */; };
		FBBC084F2401EC90001A7946 /* QRScannerScreen.storyboard in Resources */ = {isa = PBXBuildFile; fileRef = FBBC084E2401EC90001A7946 /* QRScannerScreen.storyboard */; };
		FBBC08522401F035001A7946 /* CategoryDetailViewController.swift in Sources */ = {isa = PBXBuildFile; fileRef = FBBC08512401F035001A7946 /* CategoryDetailViewController.swift */; };
		FBBC08542401F045001A7946 /* CategoryScreen.storyboard in Resources */ = {isa = PBXBuildFile; fileRef = FBBC08532401F045001A7946 /* CategoryScreen.storyboard */; };
		FBBC08562401F04F001A7946 /* CategoryDetailScreen.storyboard in Resources */ = {isa = PBXBuildFile; fileRef = FBBC08552401F04F001A7946 /* CategoryDetailScreen.storyboard */; };
/* End PBXBuildFile section */

/* Begin PBXFileReference section */
		FBBC07E72400D279001A7946 /* placeholder.app */ = {isa = PBXFileReference; explicitFileType = wrapper.application; includeInIndex = 0; path = placeholder.app; sourceTree = BUILT_PRODUCTS_DIR; };
		FBBC07EA2400D279001A7946 /* AppDelegate.swift */ = {isa = PBXFileReference; lastKnownFileType = sourcecode.swift; path = AppDelegate.swift; sourceTree = "<group>"; };
		FBBC07EC2400D279001A7946 /* SceneDelegate.swift */ = {isa = PBXFileReference; lastKnownFileType = sourcecode.swift; path = SceneDelegate.swift; sourceTree = "<group>"; };
		FBBC07EE2400D279001A7946 /* CategoryViewController.swift */ = {isa = PBXFileReference; lastKnownFileType = sourcecode.swift; path = CategoryViewController.swift; sourceTree = "<group>"; };
		FBBC07F02400D279001A7946 /* LikedViewController.swift */ = {isa = PBXFileReference; lastKnownFileType = sourcecode.swift; path = LikedViewController.swift; sourceTree = "<group>"; };
		FBBC07F32400D279001A7946 /* Base */ = {isa = PBXFileReference; lastKnownFileType = file.storyboard; name = Base; path = Base.lproj/Main.storyboard; sourceTree = "<group>"; };
		FBBC07F52400D27B001A7946 /* Assets.xcassets */ = {isa = PBXFileReference; lastKnownFileType = folder.assetcatalog; path = Assets.xcassets; sourceTree = "<group>"; };
		FBBC07F82400D27B001A7946 /* Base */ = {isa = PBXFileReference; lastKnownFileType = file.storyboard; name = Base; path = Base.lproj/LaunchScreen.storyboard; sourceTree = "<group>"; };
		FBBC07FA2400D27B001A7946 /* Info.plist */ = {isa = PBXFileReference; lastKnownFileType = text.plist.xml; path = Info.plist; sourceTree = "<group>"; };
		FBBC08002400D427001A7946 /* ChatViewController.swift */ = {isa = PBXFileReference; lastKnownFileType = sourcecode.swift; path = ChatViewController.swift; sourceTree = "<group>"; };
		FBBC08022400D42D001A7946 /* ProfileViewController.swift */ = {isa = PBXFileReference; lastKnownFileType = sourcecode.swift; path = ProfileViewController.swift; sourceTree = "<group>"; };
		FBBC08042401D10B001A7946 /* LoginViewController.swift */ = {isa = PBXFileReference; lastKnownFileType = sourcecode.swift; path = LoginViewController.swift; sourceTree = "<group>"; };
		FBBC08072401D129001A7946 /* LoginScreen.storyboard */ = {isa = PBXFileReference; lastKnownFileType = file.storyboard; path = LoginScreen.storyboard; sourceTree = "<group>"; };
		FBBC080A2401D2F9001A7946 /* MapViewController.swift */ = {isa = PBXFileReference; lastKnownFileType = sourcecode.swift; path = MapViewController.swift; sourceTree = "<group>"; };
		FBBC080C2401D304001A7946 /* MapScreen.storyboard */ = {isa = PBXFileReference; lastKnownFileType = file.storyboard; path = MapScreen.storyboard; sourceTree = "<group>"; };
		FBBC084C2401EC84001A7946 /* QRScannerViewController.swift */ = {isa = PBXFileReference; lastKnownFileType = sourcecode.swift; path = QRScannerViewController.swift; sourceTree = "<group>"; };
		FBBC084E2401EC90001A7946 /* QRScannerScreen.storyboard */ = {isa = PBXFileReference; lastKnownFileType = file.storyboard; path = QRScannerScreen.storyboard; sourceTree = "<group>"; };
		FBBC08512401F035001A7946 /* CategoryDetailViewController.swift */ = {isa = PBXFileReference; lastKnownFileType = sourcecode.swift; path = CategoryDetailViewController.swift; sourceTree = "<group>"; };
		FBBC08532401F045001A7946 /* CategoryScreen.storyboard */ = {isa = PBXFileReference; lastKnownFileType = file.storyboard; path = CategoryScreen.storyboard; sourceTree = "<group>"; };
		FBBC08552401F04F001A7946 /* CategoryDetailScreen.storyboard */ = {isa = PBXFileReference; lastKnownFileType = file.storyboard; path = CategoryDetailScreen.storyboard; sourceTree = "<group>"; };
/* End PBXFileReference section */

/* Begin PBXFrameworksBuildPhase section */
		FBBC07E42400D279001A7946 /* Frameworks */ = {
			isa = PBXFrameworksBuildPhase;
			buildActionMask = 2147483647;
			files = (
			);
			runOnlyForDeploymentPostprocessing = 0;
		};
/* End PBXFrameworksBuildPhase section */

/* Begin PBXGroup section */
		FBBC07DE2400D279001A7946 = {
			isa = PBXGroup;
			children = (
				FBBC07E92400D279001A7946 /* placeholder */,
				FBBC07E82400D279001A7946 /* Products */,
			);
			sourceTree = "<group>";
		};
		FBBC07E82400D279001A7946 /* Products */ = {
			isa = PBXGroup;
			children = (
				FBBC07E72400D279001A7946 /* placeholder.app */,
			);
			name = Products;
			sourceTree = "<group>";
		};
		FBBC07E92400D279001A7946 /* placeholder */ = {
			isa = PBXGroup;
			children = (
				FBBC08502401F01E001A7946 /* Category */,
				FBBC084B2401EC57001A7946 /* QRScanner */,
				FBBC080E2401DA14001A7946 /* Tabs */,
				FBBC08092401D2DF001A7946 /* Map */,
				FBBC08062401D117001A7946 /* Login */,
				FBBC07EA2400D279001A7946 /* AppDelegate.swift */,
				FBBC07EC2400D279001A7946 /* SceneDelegate.swift */,
				FBBC07F52400D27B001A7946 /* Assets.xcassets */,
				FBBC07F72400D27B001A7946 /* LaunchScreen.storyboard */,
				FBBC07FA2400D27B001A7946 /* Info.plist */,
			);
			path = placeholder;
			sourceTree = "<group>";
		};
		FBBC08062401D117001A7946 /* Login */ = {
			isa = PBXGroup;
			children = (
				FBBC08042401D10B001A7946 /* LoginViewController.swift */,
				FBBC08072401D129001A7946 /* LoginScreen.storyboard */,
			);
			path = Login;
			sourceTree = "<group>";
		};
		FBBC08092401D2DF001A7946 /* Map */ = {
			isa = PBXGroup;
			children = (
				FBBC080A2401D2F9001A7946 /* MapViewController.swift */,
				FBBC080C2401D304001A7946 /* MapScreen.storyboard */,
			);
			path = Map;
			sourceTree = "<group>";
		};
		FBBC080E2401DA14001A7946 /* Tabs */ = {
			isa = PBXGroup;
			children = (
				FBBC07F02400D279001A7946 /* LikedViewController.swift */,
				FBBC08002400D427001A7946 /* ChatViewController.swift */,
				FBBC08022400D42D001A7946 /* ProfileViewController.swift */,
				FBBC07F22400D279001A7946 /* Main.storyboard */,
			);
			path = Tabs;
			sourceTree = "<group>";
		};
		FBBC084B2401EC57001A7946 /* QRScanner */ = {
			isa = PBXGroup;
			children = (
				FBBC084C2401EC84001A7946 /* QRScannerViewController.swift */,
				FBBC084E2401EC90001A7946 /* QRScannerScreen.storyboard */,
			);
			path = QRScanner;
			sourceTree = "<group>";
		};
		FBBC08502401F01E001A7946 /* Category */ = {
			isa = PBXGroup;
			children = (
				FBBC07EE2400D279001A7946 /* CategoryViewController.swift */,
				FBBC08532401F045001A7946 /* CategoryScreen.storyboard */,
				FBBC08512401F035001A7946 /* CategoryDetailViewController.swift */,
				FBBC08552401F04F001A7946 /* CategoryDetailScreen.storyboard */,
			);
			path = Category;
			sourceTree = "<group>";
		};
/* End PBXGroup section */

/* Begin PBXNativeTarget section */
		FBBC07E62400D279001A7946 /* placeholder */ = {
			isa = PBXNativeTarget;
			buildConfigurationList = FBBC07FD2400D27B001A7946 /* Build configuration list for PBXNativeTarget "placeholder" */;
			buildPhases = (
				FBBC07E32400D279001A7946 /* Sources */,
				FBBC07E42400D279001A7946 /* Frameworks */,
				FBBC07E52400D279001A7946 /* Resources */,
			);
			buildRules = (
			);
			dependencies = (
			);
			name = placeholder;
			productName = placeholder;
			productReference = FBBC07E72400D279001A7946 /* placeholder.app */;
			productType = "com.apple.product-type.application";
		};
/* End PBXNativeTarget section */

/* Begin PBXProject section */
		FBBC07DF2400D279001A7946 /* Project object */ = {
			isa = PBXProject;
			attributes = {
				LastSwiftUpdateCheck = 1130;
				LastUpgradeCheck = 1130;
				ORGANIZATIONNAME = h4h;
				TargetAttributes = {
					FBBC07E62400D279001A7946 = {
						CreatedOnToolsVersion = 11.3.1;
					};
				};
			};
			buildConfigurationList = FBBC07E22400D279001A7946 /* Build configuration list for PBXProject "placeholder" */;
			compatibilityVersion = "Xcode 9.3";
			developmentRegion = en;
			hasScannedForEncodings = 0;
			knownRegions = (
				en,
				Base,
			);
			mainGroup = FBBC07DE2400D279001A7946;
			productRefGroup = FBBC07E82400D279001A7946 /* Products */;
			projectDirPath = "";
			projectRoot = "";
			targets = (
				FBBC07E62400D279001A7946 /* placeholder */,
			);
		};
/* End PBXProject section */

/* Begin PBXResourcesBuildPhase section */
		FBBC07E52400D279001A7946 /* Resources */ = {
			isa = PBXResourcesBuildPhase;
			buildActionMask = 2147483647;
			files = (
				FBBC080D2401D304001A7946 /* MapScreen.storyboard in Resources */,
				FBBC08562401F04F001A7946 /* CategoryDetailScreen.storyboard in Resources */,
				FBBC07F92400D27B001A7946 /* LaunchScreen.storyboard in Resources */,
				FBBC08542401F045001A7946 /* CategoryScreen.storyboard in Resources */,
				FBBC084F2401EC90001A7946 /* QRScannerScreen.storyboard in Resources */,
				FBBC07F62400D27B001A7946 /* Assets.xcassets in Resources */,
				FBBC08082401D129001A7946 /* LoginScreen.storyboard in Resources */,
				FBBC07F42400D279001A7946 /* Main.storyboard in Resources */,
			);
			runOnlyForDeploymentPostprocessing = 0;
		};
/* End PBXResourcesBuildPhase section */

/* Begin PBXSourcesBuildPhase section */
		FBBC07E32400D279001A7946 /* Sources */ = {
			isa = PBXSourcesBuildPhase;
			buildActionMask = 2147483647;
			files = (
				FBBC08052401D10B001A7946 /* LoginViewController.swift in Sources */,
				FBBC07F12400D279001A7946 /* LikedViewController.swift in Sources */,
				FBBC08012400D428001A7946 /* ChatViewController.swift in Sources */,
				FBBC07EF2400D279001A7946 /* CategoryViewController.swift in Sources */,
				FBBC07EB2400D279001A7946 /* AppDelegate.swift in Sources */,
				FBBC084D2401EC84001A7946 /* QRScannerViewController.swift in Sources */,
				FBBC08032400D42D001A7946 /* ProfileViewController.swift in Sources */,
				FBBC07ED2400D279001A7946 /* SceneDelegate.swift in Sources */,
				FBBC080B2401D2FA001A7946 /* MapViewController.swift in Sources */,
				FBBC08522401F035001A7946 /* CategoryDetailViewController.swift in Sources */,
			);
			runOnlyForDeploymentPostprocessing = 0;
		};
/* End PBXSourcesBuildPhase section */

/* Begin PBXVariantGroup section */
		FBBC07F22400D279001A7946 /* Main.storyboard */ = {
			isa = PBXVariantGroup;
			children = (
				FBBC07F32400D279001A7946 /* Base */,
			);
			name = Main.storyboard;
			sourceTree = "<group>";
		};
		FBBC07F72400D27B001A7946 /* LaunchScreen.storyboard */ = {
			isa = PBXVariantGroup;
			children = (
				FBBC07F82400D27B001A7946 /* Base */,
			);
			name = LaunchScreen.storyboard;
			sourceTree = "<group>";
		};
/* End PBXVariantGroup section */

/* Begin XCBuildConfiguration section */
		FBBC07FB2400D27B001A7946 /* Debug */ = {
			isa = XCBuildConfiguration;
			buildSettings = {
				ALWAYS_SEARCH_USER_PATHS = NO;
				CLANG_ANALYZER_NONNULL = YES;
				CLANG_ANALYZER_NUMBER_OBJECT_CONVERSION = YES_AGGRESSIVE;
				CLANG_CXX_LANGUAGE_STANDARD = "gnu++14";
				CLANG_CXX_LIBRARY = "libc++";
				CLANG_ENABLE_MODULES = YES;
				CLANG_ENABLE_OBJC_ARC = YES;
				CLANG_ENABLE_OBJC_WEAK = YES;
				CLANG_WARN_BLOCK_CAPTURE_AUTORELEASING = YES;
				CLANG_WARN_BOOL_CONVERSION = YES;
				CLANG_WARN_COMMA = YES;
				CLANG_WARN_CONSTANT_CONVERSION = YES;
				CLANG_WARN_DEPRECATED_OBJC_IMPLEMENTATIONS = YES;
				CLANG_WARN_DIRECT_OBJC_ISA_USAGE = YES_ERROR;
				CLANG_WARN_DOCUMENTATION_COMMENTS = YES;
				CLANG_WARN_EMPTY_BODY = YES;
				CLANG_WARN_ENUM_CONVERSION = YES;
				CLANG_WARN_INFINITE_RECURSION = YES;
				CLANG_WARN_INT_CONVERSION = YES;
				CLANG_WARN_NON_LITERAL_NULL_CONVERSION = YES;
				CLANG_WARN_OBJC_IMPLICIT_RETAIN_SELF = YES;
				CLANG_WARN_OBJC_LITERAL_CONVERSION = YES;
				CLANG_WARN_OBJC_ROOT_CLASS = YES_ERROR;
				CLANG_WARN_RANGE_LOOP_ANALYSIS = YES;
				CLANG_WARN_STRICT_PROTOTYPES = YES;
				CLANG_WARN_SUSPICIOUS_MOVE = YES;
				CLANG_WARN_UNGUARDED_AVAILABILITY = YES_AGGRESSIVE;
				CLANG_WARN_UNREACHABLE_CODE = YES;
				CLANG_WARN__DUPLICATE_METHOD_MATCH = YES;
				COPY_PHASE_STRIP = NO;
				DEBUG_INFORMATION_FORMAT = dwarf;
				ENABLE_STRICT_OBJC_MSGSEND = YES;
				ENABLE_TESTABILITY = YES;
				GCC_C_LANGUAGE_STANDARD = gnu11;
				GCC_DYNAMIC_NO_PIC = NO;
				GCC_NO_COMMON_BLOCKS = YES;
				GCC_OPTIMIZATION_LEVEL = 0;
				GCC_PREPROCESSOR_DEFINITIONS = (
					"DEBUG=1",
					"$(inherited)",
				);
				GCC_WARN_64_TO_32_BIT_CONVERSION = YES;
				GCC_WARN_ABOUT_RETURN_TYPE = YES_ERROR;
				GCC_WARN_UNDECLARED_SELECTOR = YES;
				GCC_WARN_UNINITIALIZED_AUTOS = YES_AGGRESSIVE;
				GCC_WARN_UNUSED_FUNCTION = YES;
				GCC_WARN_UNUSED_VARIABLE = YES;
				IPHONEOS_DEPLOYMENT_TARGET = 13.2;
				MTL_ENABLE_DEBUG_INFO = INCLUDE_SOURCE;
				MTL_FAST_MATH = YES;
				ONLY_ACTIVE_ARCH = YES;
				SDKROOT = iphoneos;
				SWIFT_ACTIVE_COMPILATION_CONDITIONS = DEBUG;
				SWIFT_OPTIMIZATION_LEVEL = "-Onone";
			};
			name = Debug;
		};
		FBBC07FC2400D27B001A7946 /* Release */ = {
			isa = XCBuildConfiguration;
			buildSettings = {
				ALWAYS_SEARCH_USER_PATHS = NO;
				CLANG_ANALYZER_NONNULL = YES;
				CLANG_ANALYZER_NUMBER_OBJECT_CONVERSION = YES_AGGRESSIVE;
				CLANG_CXX_LANGUAGE_STANDARD = "gnu++14";
				CLANG_CXX_LIBRARY = "libc++";
				CLANG_ENABLE_MODULES = YES;
				CLANG_ENABLE_OBJC_ARC = YES;
				CLANG_ENABLE_OBJC_WEAK = YES;
				CLANG_WARN_BLOCK_CAPTURE_AUTORELEASING = YES;
				CLANG_WARN_BOOL_CONVERSION = YES;
				CLANG_WARN_COMMA = YES;
				CLANG_WARN_CONSTANT_CONVERSION = YES;
				CLANG_WARN_DEPRECATED_OBJC_IMPLEMENTATIONS = YES;
				CLANG_WARN_DIRECT_OBJC_ISA_USAGE = YES_ERROR;
				CLANG_WARN_DOCUMENTATION_COMMENTS = YES;
				CLANG_WARN_EMPTY_BODY = YES;
				CLANG_WARN_ENUM_CONVERSION = YES;
				CLANG_WARN_INFINITE_RECURSION = YES;
				CLANG_WARN_INT_CONVERSION = YES;
				CLANG_WARN_NON_LITERAL_NULL_CONVERSION = YES;
				CLANG_WARN_OBJC_IMPLICIT_RETAIN_SELF = YES;
				CLANG_WARN_OBJC_LITERAL_CONVERSION = YES;
				CLANG_WARN_OBJC_ROOT_CLASS = YES_ERROR;
				CLANG_WARN_RANGE_LOOP_ANALYSIS = YES;
				CLANG_WARN_STRICT_PROTOTYPES = YES;
				CLANG_WARN_SUSPICIOUS_MOVE = YES;
				CLANG_WARN_UNGUARDED_AVAILABILITY = YES_AGGRESSIVE;
				CLANG_WARN_UNREACHABLE_CODE = YES;
				CLANG_WARN__DUPLICATE_METHOD_MATCH = YES;
				COPY_PHASE_STRIP = NO;
				DEBUG_INFORMATION_FORMAT = "dwarf-with-dsym";
				ENABLE_NS_ASSERTIONS = NO;
				ENABLE_STRICT_OBJC_MSGSEND = YES;
				GCC_C_LANGUAGE_STANDARD = gnu11;
				GCC_NO_COMMON_BLOCKS = YES;
				GCC_WARN_64_TO_32_BIT_CONVERSION = YES;
				GCC_WARN_ABOUT_RETURN_TYPE = YES_ERROR;
				GCC_WARN_UNDECLARED_SELECTOR = YES;
				GCC_WARN_UNINITIALIZED_AUTOS = YES_AGGRESSIVE;
				GCC_WARN_UNUSED_FUNCTION = YES;
				GCC_WARN_UNUSED_VARIABLE = YES;
				IPHONEOS_DEPLOYMENT_TARGET = 13.2;
				MTL_ENABLE_DEBUG_INFO = NO;
				MTL_FAST_MATH = YES;
				SDKROOT = iphoneos;
				SWIFT_COMPILATION_MODE = wholemodule;
				SWIFT_OPTIMIZATION_LEVEL = "-O";
				VALIDATE_PRODUCT = YES;
			};
			name = Release;
		};
		FBBC07FE2400D27B001A7946 /* Debug */ = {
			isa = XCBuildConfiguration;
			buildSettings = {
				ASSETCATALOG_COMPILER_APPICON_NAME = AppIcon;
				CODE_SIGN_STYLE = Automatic;
				DEVELOPMENT_TEAM = M6373TXG4B;
				INFOPLIST_FILE = placeholder/Info.plist;
				LD_RUNPATH_SEARCH_PATHS = (
					"$(inherited)",
					"@executable_path/Frameworks",
				);
				PRODUCT_BUNDLE_IDENTIFIER = ncsv.placeholder;
				PRODUCT_NAME = "$(TARGET_NAME)";
				SWIFT_VERSION = 5.0;
				TARGETED_DEVICE_FAMILY = "1,2";
			};
			name = Debug;
		};
		FBBC07FF2400D27B001A7946 /* Release */ = {
			isa = XCBuildConfiguration;
			buildSettings = {
				ASSETCATALOG_COMPILER_APPICON_NAME = AppIcon;
				CODE_SIGN_STYLE = Automatic;
				DEVELOPMENT_TEAM = M6373TXG4B;
				INFOPLIST_FILE = placeholder/Info.plist;
				LD_RUNPATH_SEARCH_PATHS = (
					"$(inherited)",
					"@executable_path/Frameworks",
				);
				PRODUCT_BUNDLE_IDENTIFIER = ncsv.placeholder;
				PRODUCT_NAME = "$(TARGET_NAME)";
				SWIFT_VERSION = 5.0;
				TARGETED_DEVICE_FAMILY = "1,2";
			};
			name = Release;
		};
/* End XCBuildConfiguration section */

/* Begin XCConfigurationList section */
		FBBC07E22400D279001A7946 /* Build configuration list for PBXProject "placeholder" */ = {
			isa = XCConfigurationList;
			buildConfigurations = (
				FBBC07FB2400D27B001A7946 /* Debug */,
				FBBC07FC2400D27B001A7946 /* Release */,
			);
			defaultConfigurationIsVisible = 0;
			defaultConfigurationName = Release;
		};
		FBBC07FD2400D27B001A7946 /* Build configuration list for PBXNativeTarget "placeholder" */ = {
			isa = XCConfigurationList;
			buildConfigurations = (
				FBBC07FE2400D27B001A7946 /* Debug */,
				FBBC07FF2400D27B001A7946 /* Release */,
			);
			defaultConfigurationIsVisible = 0;
			defaultConfigurationName = Release;
		};
/* End XCConfigurationList section */
	};
	rootObject = FBBC07DF2400D279001A7946 /* Project object */;
}
